// !$*UTF8*$!
{
	archiveVersion = 1;
	classes = {
	};
	objectVersion = 42;
	objects = {

/* Begin PBXBuildFile section */
		8D11072A0486CEB800E47090 /* MainMenu.nib in Resources */ = {isa = PBXBuildFile; fileRef = 29B97318FDCFA39411CA2CEA /* MainMenu.nib */; };
		8D11072B0486CEB800E47090 /* InfoPlist.strings in Resources */ = {isa = PBXBuildFile; fileRef = 089C165CFE840E0CC02AAC07 /* InfoPlist.strings */; };
		8D11072D0486CEB800E47090 /* main.m in Sources */ = {isa = PBXBuildFile; fileRef = 29B97316FDCFA39411CA2CEA /* main.m */; settings = {ATTRIBUTES = (); }; };
		8D11072F0486CEB800E47090 /* Cocoa.framework in Frameworks */ = {isa = PBXBuildFile; fileRef = 1058C7A1FEA54F0111CA2CBB /* Cocoa.framework */; };
		9D2A1F530841581F00D9C179 /* Carbon.framework in Frameworks */ = {isa = PBXBuildFile; fileRef = 9D2A1F520841581F00D9C179 /* Carbon.framework */; };
		9D44813F083DD47C00ECB988 /* QuartzCore.framework in Frameworks */ = {isa = PBXBuildFile; fileRef = 9D44813E083DD47C00ECB988 /* QuartzCore.framework */; };
		9D7FD3DF083B11DF002051D0 /* MLMainController.m in Sources */ = {isa = PBXBuildFile; fileRef = 9D7FD3DE083B11DF002051D0 /* MLMainController.m */; };
		9D842773084849C100758359 /* ApplicationServices.framework in Frameworks */ = {isa = PBXBuildFile; fileRef = 9D842772084849C100758359 /* ApplicationServices.framework */; };
		9DA37E2008C1A1FC00E3F111 /* MLRarArchive.m in Sources */ = {isa = PBXBuildFile; fileRef = 9DA37E1F08C1A1FC00E3F111 /* MLRarArchive.m */; };
		9DC0F1EB083B2623004548E9 /* 100kFireflies.icns in Resources */ = {isa = PBXBuildFile; fileRef = 9DC0F1EA083B2623004548E9 /* 100kFireflies.icns */; };
		9DD100FB083F1B590069E5E6 /* MLImage.m in Sources */ = {isa = PBXBuildFile; fileRef = 9DD100FA083F1B590069E5E6 /* MLImage.m */; };
		9DD10120083F34EF0069E5E6 /* MLDirectory.m in Sources */ = {isa = PBXBuildFile; fileRef = 9DD1011F083F34EF0069E5E6 /* MLDirectory.m */; };
		9DD10191083FC7410069E5E6 /* Utility.m in Sources */ = {isa = PBXBuildFile; fileRef = 9DD10190083FC7410069E5E6 /* Utility.m */; };
		9DD10678084097DC0069E5E6 /* MLFullScreenWindow.m in Sources */ = {isa = PBXBuildFile; fileRef = 9DD10677084097DC0069E5E6 /* MLFullScreenWindow.m */; };
		9DF4DBA4083DA87F008E1C04 /* ImageWindow.nib in Resources */ = {isa = PBXBuildFile; fileRef = 9DF4DBA3083DA87F008E1C04 /* ImageWindow.nib */; };
		9DF4DBA7083DA888008E1C04 /* MLImageView.m in Sources */ = {isa = PBXBuildFile; fileRef = 9DF4DBA5083DA888008E1C04 /* MLImageView.m */; };
		9DF4DBAD083DB616008E1C04 /* MLImageWindowController.m in Sources */ = {isa = PBXBuildFile; fileRef = 9DF4DBAC083DB616008E1C04 /* MLImageWindowController.m */; };
/* End PBXBuildFile section */

/* Begin PBXBuildStyle section */
		4A9504CCFFE6A4B311CA0CBA /* Development */ = {
			isa = PBXBuildStyle;
			buildSettings = {
				COPY_PHASE_STRIP = NO;
				GCC_DYNAMIC_NO_PIC = NO;
				GCC_ENABLE_FIX_AND_CONTINUE = YES;
				GCC_FAST_OBJC_DISPATCH = NO;
				GCC_GENERATE_DEBUGGING_SYMBOLS = YES;
				GCC_OPTIMIZATION_LEVEL = 0;
				MACOSX_DEPLOYMENT_TARGET = "";
				OTHER_CFLAGS = "";
				PREBINDING = NO;
				ZERO_LINK = YES;
			};
			name = Development;
		};
		4A9504CDFFE6A4B311CA0CBA /* Deployment */ = {
			isa = PBXBuildStyle;
			buildSettings = {
				COPY_PHASE_STRIP = YES;
				DEAD_CODE_STRIPPING = NO;
				GCC_AUTO_VECTORIZATION = YES;
				GCC_ENABLE_FIX_AND_CONTINUE = NO;
				GCC_FAST_OBJC_DISPATCH = YES;
				GCC_GENERATE_DEBUGGING_SYMBOLS = NO;
				GCC_OPTIMIZATION_LEVEL = 3;
				GCC_UNROLL_LOOPS = YES;
				MACOSX_DEPLOYMENT_TARGET = "";
				OTHER_CFLAGS = "-malign-natural";
				PREBINDING = YES;
				ZERO_LINK = NO;
			};
			name = Deployment;
		};
/* End PBXBuildStyle section */

/* Begin PBXFileReference section */
		089C165DFE840E0CC02AAC07 /* English */ = {isa = PBXFileReference; fileEncoding = 10; lastKnownFileType = text.plist.strings; name = English; path = English.lproj/InfoPlist.strings; sourceTree = "<group>"; };
		1058C7A1FEA54F0111CA2CBB /* Cocoa.framework */ = {isa = PBXFileReference; lastKnownFileType = wrapper.framework; name = Cocoa.framework; path = /System/Library/Frameworks/Cocoa.framework; sourceTree = "<absolute>"; };
		13E42FB307B3F0F600E4EEF1 /* CoreData.framework */ = {isa = PBXFileReference; lastKnownFileType = wrapper.framework; name = CoreData.framework; path = /System/Library/Frameworks/CoreData.framework; sourceTree = "<absolute>"; };
		29B97316FDCFA39411CA2CEA /* main.m */ = {isa = PBXFileReference; fileEncoding = 4; lastKnownFileType = sourcecode.c.objc; path = main.m; sourceTree = "<group>"; };
		29B97319FDCFA39411CA2CEA /* English */ = {isa = PBXFileReference; lastKnownFileType = wrapper.nib; name = English; path = English.lproj/MainMenu.nib; sourceTree = "<group>"; };
		29B97324FDCFA39411CA2CEA /* AppKit.framework */ = {isa = PBXFileReference; lastKnownFileType = wrapper.framework; name = AppKit.framework; path = /System/Library/Frameworks/AppKit.framework; sourceTree = "<absolute>"; };
		29B97325FDCFA39411CA2CEA /* Foundation.framework */ = {isa = PBXFileReference; lastKnownFileType = wrapper.framework; name = Foundation.framework; path = /System/Library/Frameworks/Foundation.framework; sourceTree = "<absolute>"; };
		32CA4F630368D1EE00C91783 /* Magic Lantern_Prefix.pch */ = {isa = PBXFileReference; fileEncoding = 4; lastKnownFileType = sourcecode.c.h; path = "Magic Lantern_Prefix.pch"; sourceTree = "<group>"; };
		8D1107310486CEB800E47090 /* Info.plist */ = {isa = PBXFileReference; fileEncoding = 4; lastKnownFileType = text.plist; path = Info.plist; sourceTree = "<group>"; };
		8D1107320486CEB800E47090 /* Magic Lantern.app */ = {isa = PBXFileReference; explicitFileType = wrapper.application; includeInIndex = 0; path = "Magic Lantern.app"; sourceTree = BUILT_PRODUCTS_DIR; };
		9D2A1F520841581F00D9C179 /* Carbon.framework */ = {isa = PBXFileReference; lastKnownFileType = wrapper.framework; name = Carbon.framework; path = /System/Library/Frameworks/Carbon.framework; sourceTree = "<absolute>"; };
		9D44813E083DD47C00ECB988 /* QuartzCore.framework */ = {isa = PBXFileReference; lastKnownFileType = wrapper.framework; name = QuartzCore.framework; path = /System/Library/Frameworks/QuartzCore.framework; sourceTree = "<absolute>"; };
		9D7FD3DD083B11DF002051D0 /* MLMainController.h */ = {isa = PBXFileReference; fileEncoding = 30; lastKnownFileType = sourcecode.c.h; path = MLMainController.h; sourceTree = "<group>"; };
		9D7FD3DE083B11DF002051D0 /* MLMainController.m */ = {isa = PBXFileReference; fileEncoding = 30; lastKnownFileType = sourcecode.c.objc; path = MLMainController.m; sourceTree = "<group>"; };
		9D842772084849C100758359 /* ApplicationServices.framework */ = {isa = PBXFileReference; lastKnownFileType = wrapper.framework; name = ApplicationServices.framework; path = /System/Library/Frameworks/ApplicationServices.framework; sourceTree = "<absolute>"; };
		9DA37E1E08C1A1FC00E3F111 /* MLRarArchive.h */ = {isa = PBXFileReference; fileEncoding = 4; lastKnownFileType = sourcecode.c.h; path = MLRarArchive.h; sourceTree = "<group>"; };
		9DA37E1F08C1A1FC00E3F111 /* MLRarArchive.m */ = {isa = PBXFileReference; fileEncoding = 4; lastKnownFileType = sourcecode.c.objc; path = MLRarArchive.m; sourceTree = "<group>"; };
		9DA37E9808C1A94100E3F111 /* MLImageCollection.h */ = {isa = PBXFileReference; fileEncoding = 4; lastKnownFileType = sourcecode.c.h; path = MLImageCollection.h; sourceTree = "<group>"; };
		9DC0F1EA083B2623004548E9 /* 100kFireflies.icns */ = {isa = PBXFileReference; lastKnownFileType = image.icns; path = 100kFireflies.icns; sourceTree = "<group>"; };
		9DD100F9083F1B590069E5E6 /* MLImage.h */ = {isa = PBXFileReference; fileEncoding = 4; lastKnownFileType = sourcecode.c.h; path = MLImage.h; sourceTree = "<group>"; };
		9DD100FA083F1B590069E5E6 /* MLImage.m */ = {isa = PBXFileReference; fileEncoding = 4; lastKnownFileType = sourcecode.c.objc; path = MLImage.m; sourceTree = "<group>"; };
		9DD1011E083F34EF0069E5E6 /* MLDirectory.h */ = {isa = PBXFileReference; fileEncoding = 4; lastKnownFileType = sourcecode.c.h; path = MLDirectory.h; sourceTree = "<group>"; };
		9DD1011F083F34EF0069E5E6 /* MLDirectory.m */ = {isa = PBXFileReference; fileEncoding = 4; lastKnownFileType = sourcecode.c.objc; path = MLDirectory.m; sourceTree = "<group>"; };
		9DD1018F083FC7410069E5E6 /* Utility.h */ = {isa = PBXFileReference; fileEncoding = 4; lastKnownFileType = sourcecode.c.h; path = Utility.h; sourceTree = "<group>"; };
		9DD10190083FC7410069E5E6 /* Utility.m */ = {isa = PBXFileReference; fileEncoding = 4; lastKnownFileType = sourcecode.c.objc; path = Utility.m; sourceTree = "<group>"; };
		9DD10676084097DC0069E5E6 /* MLFullScreenWindow.h */ = {isa = PBXFileReference; fileEncoding = 4; lastKnownFileType = sourcecode.c.h; path = MLFullScreenWindow.h; sourceTree = "<group>"; };
		9DD10677084097DC0069E5E6 /* MLFullScreenWindow.m */ = {isa = PBXFileReference; fileEncoding = 4; lastKnownFileType = sourcecode.c.objc; path = MLFullScreenWindow.m; sourceTree = "<group>"; };
		9DF4DBA3083DA87F008E1C04 /* ImageWindow.nib */ = {isa = PBXFileReference; lastKnownFileType = wrapper.nib; path = ImageWindow.nib; sourceTree = "<group>"; };
		9DF4DBA5083DA888008E1C04 /* MLImageView.m */ = {isa = PBXFileReference; fileEncoding = 30; lastKnownFileType = sourcecode.c.objc; path = MLImageView.m; sourceTree = "<group>"; };
		9DF4DBA6083DA888008E1C04 /* MLImageView.h */ = {isa = PBXFileReference; fileEncoding = 30; lastKnownFileType = sourcecode.c.h; path = MLImageView.h; sourceTree = "<group>"; };
		9DF4DBAB083DB616008E1C04 /* MLImageWindowController.h */ = {isa = PBXFileReference; fileEncoding = 4; lastKnownFileType = sourcecode.c.h; path = MLImageWindowController.h; sourceTree = "<group>"; };
		9DF4DBAC083DB616008E1C04 /* MLImageWindowController.m */ = {isa = PBXFileReference; fileEncoding = 4; lastKnownFileType = sourcecode.c.objc; path = MLImageWindowController.m; sourceTree = "<group>"; };
/* End PBXFileReference section */

/* Begin PBXFrameworksBuildPhase section */
		8D11072E0486CEB800E47090 /* Frameworks */ = {
			isa = PBXFrameworksBuildPhase;
			buildActionMask = 2147483647;
			files = (
				8D11072F0486CEB800E47090 /* Cocoa.framework in Frameworks */,
				9D44813F083DD47C00ECB988 /* QuartzCore.framework in Frameworks */,
				9D2A1F530841581F00D9C179 /* Carbon.framework in Frameworks */,
				9D842773084849C100758359 /* ApplicationServices.framework in Frameworks */,
			);
			runOnlyForDeploymentPostprocessing = 0;
		};
/* End PBXFrameworksBuildPhase section */

/* Begin PBXGroup section */
		080E96DDFE201D6D7F000001 /* Classes */ = {
			isa = PBXGroup;
			children = (
				9DF4DBA5083DA888008E1C04 /* MLImageView.m */,
				9DF4DBA6083DA888008E1C04 /* MLImageView.h */,
				9D7FD3DD083B11DF002051D0 /* MLMainController.h */,
				9D7FD3DE083B11DF002051D0 /* MLMainController.m */,
				9DF4DBAB083DB616008E1C04 /* MLImageWindowController.h */,
				9DF4DBAC083DB616008E1C04 /* MLImageWindowController.m */,
				9DD100F9083F1B590069E5E6 /* MLImage.h */,
				9DD100FA083F1B590069E5E6 /* MLImage.m */,
				9DD1011E083F34EF0069E5E6 /* MLDirectory.h */,
				9DD1011F083F34EF0069E5E6 /* MLDirectory.m */,
				9DD1018F083FC7410069E5E6 /* Utility.h */,
				9DD10190083FC7410069E5E6 /* Utility.m */,
				9DD10676084097DC0069E5E6 /* MLFullScreenWindow.h */,
				9DD10677084097DC0069E5E6 /* MLFullScreenWindow.m */,
				9DA37E1E08C1A1FC00E3F111 /* MLRarArchive.h */,
				9DA37E1F08C1A1FC00E3F111 /* MLRarArchive.m */,
				9DA37E9808C1A94100E3F111 /* MLImageCollection.h */,
			);
			name = Classes;
			sourceTree = "<group>";
		};
		1058C7A0FEA54F0111CA2CBB /* Linked Frameworks */ = {
			isa = PBXGroup;
			children = (
				9D842772084849C100758359 /* ApplicationServices.framework */,
				9D2A1F520841581F00D9C179 /* Carbon.framework */,
				9D44813E083DD47C00ECB988 /* QuartzCore.framework */,
				1058C7A1FEA54F0111CA2CBB /* Cocoa.framework */,
			);
			name = "Linked Frameworks";
			sourceTree = "<group>";
		};
		1058C7A2FEA54F0111CA2CBB /* Other Frameworks */ = {
			isa = PBXGroup;
			children = (
				29B97324FDCFA39411CA2CEA /* AppKit.framework */,
				13E42FB307B3F0F600E4EEF1 /* CoreData.framework */,
				29B97325FDCFA39411CA2CEA /* Foundation.framework */,
			);
			name = "Other Frameworks";
			sourceTree = "<group>";
		};
		19C28FACFE9D520D11CA2CBB /* Products */ = {
			isa = PBXGroup;
			children = (
				8D1107320486CEB800E47090 /* Magic Lantern.app */,
			);
			name = Products;
			sourceTree = "<group>";
		};
		29B97314FDCFA39411CA2CEA /* Magic Lantern */ = {
			isa = PBXGroup;
			children = (
				080E96DDFE201D6D7F000001 /* Classes */,
				29B97315FDCFA39411CA2CEA /* Other Sources */,
				29B97317FDCFA39411CA2CEA /* Resources */,
				29B97323FDCFA39411CA2CEA /* Frameworks */,
				19C28FACFE9D520D11CA2CBB /* Products */,
			);
			name = "Magic Lantern";
			sourceTree = "<group>";
		};
		29B97315FDCFA39411CA2CEA /* Other Sources */ = {
			isa = PBXGroup;
			children = (
				32CA4F630368D1EE00C91783 /* Magic Lantern_Prefix.pch */,
				29B97316FDCFA39411CA2CEA /* main.m */,
			);
			name = "Other Sources";
			sourceTree = "<group>";
		};
		29B97317FDCFA39411CA2CEA /* Resources */ = {
			isa = PBXGroup;
			children = (
				9DC0F1EA083B2623004548E9 /* 100kFireflies.icns */,
				8D1107310486CEB800E47090 /* Info.plist */,
				089C165CFE840E0CC02AAC07 /* InfoPlist.strings */,
				9DF4DBA3083DA87F008E1C04 /* ImageWindow.nib */,
				29B97318FDCFA39411CA2CEA /* MainMenu.nib */,
			);
			name = Resources;
			sourceTree = "<group>";
		};
		29B97323FDCFA39411CA2CEA /* Frameworks */ = {
			isa = PBXGroup;
			children = (
				1058C7A0FEA54F0111CA2CBB /* Linked Frameworks */,
				1058C7A2FEA54F0111CA2CBB /* Other Frameworks */,
			);
			name = Frameworks;
			sourceTree = "<group>";
		};
/* End PBXGroup section */

/* Begin PBXNativeTarget section */
		8D1107260486CEB800E47090 /* Magic Lantern */ = {
			isa = PBXNativeTarget;
			buildConfigurationList = 9D68C05808551F3600550AC0 /* Build configuration list for PBXNativeTarget "Magic Lantern" */;
			buildPhases = (
				8D1107290486CEB800E47090 /* Resources */,
				8D11072C0486CEB800E47090 /* Sources */,
				8D11072E0486CEB800E47090 /* Frameworks */,
			);
			buildRules = (
			);
			buildSettings = {
				GCC_GENERATE_DEBUGGING_SYMBOLS = NO;
				GCC_PRECOMPILE_PREFIX_HEADER = YES;
				GCC_PREFIX_HEADER = "Magic Lantern_Prefix.pch";
				GCC_WARN_ABOUT_RETURN_TYPE = YES;
				GCC_WARN_UNUSED_VARIABLE = YES;
				INFOPLIST_FILE = Info.plist;
				INSTALL_PATH = "$(HOME)/Applications";
				PRODUCT_NAME = "Magic Lantern";
				WRAPPER_EXTENSION = app;
			};
			dependencies = (
			);
			name = "Magic Lantern";
			productInstallPath = "$(HOME)/Applications";
			productName = "Magic Lantern";
			productReference = 8D1107320486CEB800E47090 /* Magic Lantern.app */;
			productType = "com.apple.product-type.application";
		};
/* End PBXNativeTarget section */

/* Begin PBXProject section */
		29B97313FDCFA39411CA2CEA /* Project object */ = {
			isa = PBXProject;
			buildConfigurationList = 9D68C05C08551F3600550AC0 /* Build configuration list for PBXProject "Magic Lantern" */;
			buildSettings = {
			};
			buildStyles = (
				4A9504CCFFE6A4B311CA0CBA /* Development */,
				4A9504CDFFE6A4B311CA0CBA /* Deployment */,
			);
			hasScannedForEncodings = 1;
			mainGroup = 29B97314FDCFA39411CA2CEA /* Magic Lantern */;
			projectDirPath = "";
			targets = (
				8D1107260486CEB800E47090 /* Magic Lantern */,
			);
		};
/* End PBXProject section */

/* Begin PBXResourcesBuildPhase section */
		8D1107290486CEB800E47090 /* Resources */ = {
			isa = PBXResourcesBuildPhase;
			buildActionMask = 2147483647;
			files = (
				8D11072A0486CEB800E47090 /* MainMenu.nib in Resources */,
				8D11072B0486CEB800E47090 /* InfoPlist.strings in Resources */,
				9DC0F1EB083B2623004548E9 /* 100kFireflies.icns in Resources */,
				9DF4DBA4083DA87F008E1C04 /* ImageWindow.nib in Resources */,
			);
			runOnlyForDeploymentPostprocessing = 0;
		};
/* End PBXResourcesBuildPhase section */

/* Begin PBXSourcesBuildPhase section */
		8D11072C0486CEB800E47090 /* Sources */ = {
			isa = PBXSourcesBuildPhase;
			buildActionMask = 2147483647;
			files = (
				8D11072D0486CEB800E47090 /* main.m in Sources */,
				9D7FD3DF083B11DF002051D0 /* MLMainController.m in Sources */,
				9DF4DBA7083DA888008E1C04 /* MLImageView.m in Sources */,
				9DF4DBAD083DB616008E1C04 /* MLImageWindowController.m in Sources */,
				9DD100FB083F1B590069E5E6 /* MLImage.m in Sources */,
				9DD10120083F34EF0069E5E6 /* MLDirectory.m in Sources */,
				9DD10191083FC7410069E5E6 /* Utility.m in Sources */,
				9DD10678084097DC0069E5E6 /* MLFullScreenWindow.m in Sources */,
				9DA37E2008C1A1FC00E3F111 /* MLRarArchive.m in Sources */,
			);
			runOnlyForDeploymentPostprocessing = 0;
		};
/* End PBXSourcesBuildPhase section */

/* Begin PBXVariantGroup section */
		089C165CFE840E0CC02AAC07 /* InfoPlist.strings */ = {
			isa = PBXVariantGroup;
			children = (
				089C165DFE840E0CC02AAC07 /* English */,
			);
			name = InfoPlist.strings;
			sourceTree = "<group>";
		};
		29B97318FDCFA39411CA2CEA /* MainMenu.nib */ = {
			isa = PBXVariantGroup;
			children = (
				29B97319FDCFA39411CA2CEA /* English */,
			);
			name = MainMenu.nib;
			sourceTree = "<group>";
		};
/* End PBXVariantGroup section */

/* Begin XCBuildConfiguration section */
		9D68C05908551F3600550AC0 /* Development */ = {
			isa = XCBuildConfiguration;
			buildSettings = {
				COPY_PHASE_STRIP = NO;
				GCC_DYNAMIC_NO_PIC = NO;
				GCC_ENABLE_FIX_AND_CONTINUE = YES;
				GCC_FAST_OBJC_DISPATCH = NO;
				GCC_GENERATE_DEBUGGING_SYMBOLS = YES;
				GCC_OPTIMIZATION_LEVEL = 0;
				GCC_PRECOMPILE_PREFIX_HEADER = YES;
				GCC_PREFIX_HEADER = "Magic Lantern_Prefix.pch";
				GCC_WARN_ABOUT_RETURN_TYPE = YES;
				GCC_WARN_UNUSED_VARIABLE = YES;
				INFOPLIST_FILE = Info.plist;
				INSTALL_PATH = "$(HOME)/Applications";
				MACOSX_DEPLOYMENT_TARGET = "";
				OTHER_CFLAGS = "";
				PREBINDING = NO;
				PRODUCT_NAME = "Magic Lantern";
				WRAPPER_EXTENSION = app;
				ZERO_LINK = YES;
			};
			name = Development;
		};
		9D68C05A08551F3600550AC0 /* Deployment */ = {
			isa = XCBuildConfiguration;
			buildSettings = {
				COPY_PHASE_STRIP = YES;
				DEAD_CODE_STRIPPING = NO;
				GCC_AUTO_VECTORIZATION = YES;
				GCC_ENABLE_FIX_AND_CONTINUE = NO;
				GCC_FAST_OBJC_DISPATCH = YES;
				GCC_GENERATE_DEBUGGING_SYMBOLS = NO;
				GCC_OPTIMIZATION_LEVEL = 3;
				GCC_PRECOMPILE_PREFIX_HEADER = YES;
				GCC_PREFIX_HEADER = "Magic Lantern_Prefix.pch";
				GCC_UNROLL_LOOPS = YES;
				GCC_WARN_ABOUT_RETURN_TYPE = YES;
				GCC_WARN_UNUSED_VARIABLE = YES;
				INFOPLIST_FILE = Info.plist;
				INSTALL_PATH = "$(HOME)/Applications";
				MACOSX_DEPLOYMENT_TARGET = "";
				OTHER_CFLAGS = "-malign-natural";
				PREBINDING = YES;
				PRODUCT_NAME = "Magic Lantern";
				WRAPPER_EXTENSION = app;
				ZERO_LINK = NO;
			};
			name = Deployment;
		};
		9D68C05B08551F3600550AC0 /* Default */ = {
			isa = XCBuildConfiguration;
			buildSettings = {
				GCC_GENERATE_DEBUGGING_SYMBOLS = NO;
				GCC_PRECOMPILE_PREFIX_HEADER = YES;
				GCC_PREFIX_HEADER = "Magic Lantern_Prefix.pch";
				GCC_WARN_ABOUT_RETURN_TYPE = YES;
				GCC_WARN_UNUSED_VARIABLE = YES;
				INFOPLIST_FILE = Info.plist;
				INSTALL_PATH = "$(HOME)/Applications";
				PRODUCT_NAME = "Magic Lantern";
				WRAPPER_EXTENSION = app;
			};
			name = Default;
		};
		9D68C05D08551F3600550AC0 /* Development */ = {
			isa = XCBuildConfiguration;
			buildSettings = {
				GCC_ENABLE_OBJC_EXCEPTIONS = YES;
				MACOSX_DEPLOYMENT_TARGET = 10.4;
				PREBINDING = YES;
				SDKROOT = /Developer/SDKs/MacOSX10.4u.sdk;
			};
			name = Development;
		};
		9D68C05E08551F3600550AC0 /* Deployment */ = {
			isa = XCBuildConfiguration;
			buildSettings = {
				ARCHS = (
					ppc,
					i386,
				);
				GCC_ENABLE_OBJC_EXCEPTIONS = YES;
				MACOSX_DEPLOYMENT_TARGET = 10.4;
				PREBINDING = YES;
				SDKROOT = /Developer/SDKs/MacOSX10.4u.sdk;
			};
			name = Deployment;
		};
		9D68C05F08551F3600550AC0 /* Default */ = {
			isa = XCBuildConfiguration;
			buildSettings = {
				GCC_ENABLE_OBJC_EXCEPTIONS = YES;
				MACOSX_DEPLOYMENT_TARGET = 10.4;
				PREBINDING = YES;
				SDKROOT = /Developer/SDKs/MacOSX10.4u.sdk;
			};
			name = Default;
		};
/* End XCBuildConfiguration section */

/* Begin XCConfigurationList section */
		9D68C05808551F3600550AC0 /* Build configuration list for PBXNativeTarget "Magic Lantern" */ = {
			isa = XCConfigurationList;
			buildConfigurations = (
				9D68C05908551F3600550AC0 /* Development */,
				9D68C05A08551F3600550AC0 /* Deployment */,
				9D68C05B08551F3600550AC0 /* Default */,
			);
			defaultConfigurationIsVisible = 0;
			defaultConfigurationName = Default;
		};
		9D68C05C08551F3600550AC0 /* Build configuration list for PBXProject "Magic Lantern" */ = {
			isa = XCConfigurationList;
			buildConfigurations = (
				9D68C05D08551F3600550AC0 /* Development */,
				9D68C05E08551F3600550AC0 /* Deployment */,
				9D68C05F08551F3600550AC0 /* Default */,
			);
			defaultConfigurationIsVisible = 0;
			defaultConfigurationName = Default;
		};
/* End XCConfigurationList section */
	};
	rootObject = 29B97313FDCFA39411CA2CEA /* Project object */;
}
